importers:
  .:
    specifiers: {}
  ../../apps/my-app:
    dependencies:
      my-controls: 'link:../../libraries/my-controls'
    devDependencies:
      my-toolchain: 'link:../../tools/my-toolchain'
    specifiers:
      my-controls: 'workspace:^1.0.0'
      my-toolchain: 'workspace:^1.0.0'
  ../../libraries/my-controls:
    devDependencies:
      my-toolchain: 'link:../../tools/my-toolchain'
    specifiers:
      my-toolchain: 'workspace:^1.0.0'
  ../../tools/my-toolchain:
    specifiers: {}
lockfileVersion: 5.1
registry: ''
